
Microsoft Visual Studio Solution File, Format Version 12.00
# Visual Studio Version 17
VisualStudioVersion = 17.9.34701.34
MinimumVisualStudioVersion = 10.0.40219.1
Project("{FAE04EC0-301F-11D3-BF4B-00C04F79EFBC}") = "RKS", "RKS.csproj", "{557B9C5A-E8EF-426D-A6AD-E684A7DEC9CF}"
EndProject
Global
	GlobalSection(SolutionConfigurationPlatforms) = preSolution
		Debug|Any CPU = Debug|Any CPU
		Release|Any CPU = Release|Any CPU
	EndGlobalSection
	GlobalSection(ProjectConfigurationPlatforms) = postSolution
		{557B9C5A-E8EF-426D-A6AD-E684A7DEC9CF}.Debug|Any CPU.ActiveCfg = Debug|Any CPU
		{557B9C5A-E8EF-426D-A6AD-E684A7DEC9CF}.Debug|Any CPU.Build.0 = Debug|Any CPU
		{557B9C5A-E8EF-426D-A6AD-E684A7DEC9CF}.Release|Any CPU.ActiveCfg = Release|Any CPU
		{557B9C5A-E8EF-426D-A6AD-E684A7DEC9CF}.Release|Any CPU.Build.0 = Release|Any CPU
	EndGlobalSection
	GlobalSection(SolutionProperties) = preSolution
		HideSolutionNode = FALSE
	EndGlobalSection
	GlobalSection(ExtensibilityGlobals) = postSolution
		SolutionGuid = {3DC14595-5BD9-44F4-B8CD-ED1F5CC9E079}
	EndGlobalSection
EndGlobal
